// !$*UTF8*$!
{
	archiveVersion = 1;
	classes = {
	};
	objectVersion = 46;
	objects = {

/* Begin PBXBuildFile section */
		DB55EF031FE38FA900C2E1CC /* assets.xcassets in Resources */ = {isa = PBXBuildFile; fileRef = DB55EF001FE38FA800C2E1CC /* assets.xcassets */; };
		DB55EF041FE38FA900C2E1CC /* art.scnassets in Resources */ = {isa = PBXBuildFile; fileRef = DB55EF011FE38FA900C2E1CC /* art.scnassets */; };
		DB55EF081FE38FC200C2E1CC /* assets.xcassets in Resources */ = {isa = PBXBuildFile; fileRef = DB55EF001FE38FA800C2E1CC /* assets.xcassets */; };
		DB55EF091FE38FC700C2E1CC /* art.scnassets in Resources */ = {isa = PBXBuildFile; fileRef = DB55EF011FE38FA900C2E1CC /* art.scnassets */; };
		DB55EF0F1FE38FE900C2E1CC /* RBPerlinNoiseGenerator.swift in Sources */ = {isa = PBXBuildFile; fileRef = DB55EF0A1FE38FE900C2E1CC /* RBPerlinNoiseGenerator.swift */; };
		DB55EF101FE38FE900C2E1CC /* AppDelegate.swift in Sources */ = {isa = PBXBuildFile; fileRef = DB55EF0B1FE38FE900C2E1CC /* AppDelegate.swift */; };
		DB55EF111FE38FE900C2E1CC /* RBTerrain.swift in Sources */ = {isa = PBXBuildFile; fileRef = DB55EF0C1FE38FE900C2E1CC /* RBTerrain.swift */; };
		DB55EF121FE38FE900C2E1CC /* RBUtility.swift in Sources */ = {isa = PBXBuildFile; fileRef = DB55EF0D1FE38FE900C2E1CC /* RBUtility.swift */; };
		DB55EF141FE3903300C2E1CC /* RBPerlinNoiseGenerator.swift in Sources */ = {isa = PBXBuildFile; fileRef = DB55EF0A1FE38FE900C2E1CC /* RBPerlinNoiseGenerator.swift */; };
		DB55EF151FE3903300C2E1CC /* RBTerrain.swift in Sources */ = {isa = PBXBuildFile; fileRef = DB55EF0C1FE38FE900C2E1CC /* RBTerrain.swift */; };
		DB55EF161FE3903300C2E1CC /* RBUtility.swift in Sources */ = {isa = PBXBuildFile; fileRef = DB55EF0D1FE38FE900C2E1CC /* RBUtility.swift */; };
		DB55EF181FE3903300C2E1CC /* AppDelegate.swift in Sources */ = {isa = PBXBuildFile; fileRef = DB55EF0B1FE38FE900C2E1CC /* AppDelegate.swift */; };
		DB55EF1B1FE3904D00C2E1CC /* Player.swift in Sources */ = {isa = PBXBuildFile; fileRef = DB55EF191FE3904D00C2E1CC /* Player.swift */; };
		DB55EF1C1FE3904D00C2E1CC /* GameLevel.swift in Sources */ = {isa = PBXBuildFile; fileRef = DB55EF1A1FE3904D00C2E1CC /* GameLevel.swift */; };
		DB55EF1F1FE390BF00C2E1CC /* Player.swift in Sources */ = {isa = PBXBuildFile; fileRef = DB55EF1D1FE390BF00C2E1CC /* Player.swift */; };
		DB55EF201FE390BF00C2E1CC /* GameLevel.swift in Sources */ = {isa = PBXBuildFile; fileRef = DB55EF1E1FE390BF00C2E1CC /* GameLevel.swift */; };
		DB55EF221FE3914900C2E1CC /* GameViewController.swift in Sources */ = {isa = PBXBuildFile; fileRef = DB55EF211FE3914900C2E1CC /* GameViewController.swift */; };
		DB55EF241FE3923B00C2E1CC /* GameViewController.swift in Sources */ = {isa = PBXBuildFile; fileRef = DB55EF231FE3923B00C2E1CC /* GameViewController.swift */; };
		DB55EF461FE3939400C2E1CC /* Base.lproj in Resources */ = {isa = PBXBuildFile; fileRef = DB55EF451FE3939400C2E1CC /* Base.lproj */; };
		DB55EF471FE393B900C2E1CC /* Base.lproj in Resources */ = {isa = PBXBuildFile; fileRef = DB55EF451FE3939400C2E1CC /* Base.lproj */; };
		DBBE57E81FF200100052F32B /* RB+UIColor.swift in Sources */ = {isa = PBXBuildFile; fileRef = DBBE57E61FF1FF7A0052F32B /* RB+UIColor.swift */; };
		DBCE995C1FEFA13300DEE81F /* assets.xcassets in Resources */ = {isa = PBXBuildFile; fileRef = DB55EF001FE38FA800C2E1CC /* assets.xcassets */; };
		DBCE99751FEFAF3B00DEE81F /* Base.lproj in Resources */ = {isa = PBXBuildFile; fileRef = DB55EF451FE3939400C2E1CC /* Base.lproj */; };
		DBCE99761FEFAF3E00DEE81F /* art.scnassets in Resources */ = {isa = PBXBuildFile; fileRef = DB55EF011FE38FA900C2E1CC /* art.scnassets */; };
		DBCE99771FEFAF4200DEE81F /* assets.xcassets in Resources */ = {isa = PBXBuildFile; fileRef = DB55EF001FE38FA800C2E1CC /* assets.xcassets */; };
		DBCE99781FEFAF4700DEE81F /* RBPerlinNoiseGenerator.swift in Sources */ = {isa = PBXBuildFile; fileRef = DB55EF0A1FE38FE900C2E1CC /* RBPerlinNoiseGenerator.swift */; };
		DBCE99791FEFAF4700DEE81F /* RBRandom.swift in Sources */ = {isa = PBXBuildFile; fileRef = DBF8C60E1FEE78B400FAADF4 /* RBRandom.swift */; };
		DBCE997A1FEFAF4700DEE81F /* RBTerrain.swift in Sources */ = {isa = PBXBuildFile; fileRef = DB55EF0C1FE38FE900C2E1CC /* RBTerrain.swift */; };
		DBCE997B1FEFAF4700DEE81F /* RBUtility.swift in Sources */ = {isa = PBXBuildFile; fileRef = DB55EF0D1FE38FE900C2E1CC /* RBUtility.swift */; };
		DBCE997C1FEFAF4700DEE81F /* AppDelegate.swift in Sources */ = {isa = PBXBuildFile; fileRef = DB55EF0B1FE38FE900C2E1CC /* AppDelegate.swift */; };
		DBCE99831FEFAFCB00DEE81F /* GameViewController.swift in Sources */ = {isa = PBXBuildFile; fileRef = DBCE997D1FEFAFCA00DEE81F /* GameViewController.swift */; };
		DBCE99841FEFAFCB00DEE81F /* Ring.swift in Sources */ = {isa = PBXBuildFile; fileRef = DBCE997E1FEFAFCB00DEE81F /* Ring.swift */; };
		DBCE99851FEFAFCB00DEE81F /* GameLevel.swift in Sources */ = {isa = PBXBuildFile; fileRef = DBCE997F1FEFAFCB00DEE81F /* GameLevel.swift */; };
		DBCE99861FEFAFCB00DEE81F /* GameSettings.swift in Sources */ = {isa = PBXBuildFile; fileRef = DBCE99801FEFAFCB00DEE81F /* GameSettings.swift */; };
		DBCE99871FEFAFCB00DEE81F /* Player.swift in Sources */ = {isa = PBXBuildFile; fileRef = DBCE99811FEFAFCB00DEE81F /* Player.swift */; };
		DBCE99881FEFAFCB00DEE81F /* HUD.swift in Sources */ = {isa = PBXBuildFile; fileRef = DBCE99821FEFAFCB00DEE81F /* HUD.swift */; };
		DBCE998A1FEFB32F00DEE81F /* RB+CGPoint.swift in Sources */ = {isa = PBXBuildFile; fileRef = DBCE99891FEFB32F00DEE81F /* RB+CGPoint.swift */; };
		DBCE998C1FEFB36F00DEE81F /* RB+SKAction.swift in Sources */ = {isa = PBXBuildFile; fileRef = DBCE998B1FEFB36F00DEE81F /* RB+SKAction.swift */; };
		DBCE998E1FEFB66D00DEE81F /* GameObject.swift in Sources */ = {isa = PBXBuildFile; fileRef = DBCE998D1FEFB66D00DEE81F /* GameObject.swift */; };
		DBCE99901FEFBA8100DEE81F /* RBLog.swift in Sources */ = {isa = PBXBuildFile; fileRef = DBCE998F1FEFBA8100DEE81F /* RBLog.swift */; };
		DBCE99921FEFC3A800DEE81F /* Handicap.swift in Sources */ = {isa = PBXBuildFile; fileRef = DBCE99911FEFC3A800DEE81F /* Handicap.swift */; };
		DBF8C6001FEE741C00FAADF4 /* Base.lproj in Resources */ = {isa = PBXBuildFile; fileRef = DB55EF451FE3939400C2E1CC /* Base.lproj */; };
		DBF8C6011FEE742200FAADF4 /* art.scnassets in Resources */ = {isa = PBXBuildFile; fileRef = DB55EF011FE38FA900C2E1CC /* art.scnassets */; };
		DBF8C6021FEE742900FAADF4 /* RBPerlinNoiseGenerator.swift in Sources */ = {isa = PBXBuildFile; fileRef = DB55EF0A1FE38FE900C2E1CC /* RBPerlinNoiseGenerator.swift */; };
		DBF8C6031FEE742900FAADF4 /* RBTerrain.swift in Sources */ = {isa = PBXBuildFile; fileRef = DB55EF0C1FE38FE900C2E1CC /* RBTerrain.swift */; };
		DBF8C6041FEE742900FAADF4 /* RBUtility.swift in Sources */ = {isa = PBXBuildFile; fileRef = DB55EF0D1FE38FE900C2E1CC /* RBUtility.swift */; };
		DBF8C6051FEE742900FAADF4 /* AppDelegate.swift in Sources */ = {isa = PBXBuildFile; fileRef = DB55EF0B1FE38FE900C2E1CC /* AppDelegate.swift */; };
		DBF8C6091FEE746D00FAADF4 /* Player.swift in Sources */ = {isa = PBXBuildFile; fileRef = DBF8C6061FEE746D00FAADF4 /* Player.swift */; };
		DBF8C60A1FEE746D00FAADF4 /* GameLevel.swift in Sources */ = {isa = PBXBuildFile; fileRef = DBF8C6071FEE746D00FAADF4 /* GameLevel.swift */; };
		DBF8C60B1FEE746D00FAADF4 /* GameViewController.swift in Sources */ = {isa = PBXBuildFile; fileRef = DBF8C6081FEE746D00FAADF4 /* GameViewController.swift */; };
		DBF8C60D1FEE74FF00FAADF4 /* Ring.swift in Sources */ = {isa = PBXBuildFile; fileRef = DBF8C60C1FEE74FF00FAADF4 /* Ring.swift */; };
		DBF8C60F1FEE78B400FAADF4 /* RBRandom.swift in Sources */ = {isa = PBXBuildFile; fileRef = DBF8C60E1FEE78B400FAADF4 /* RBRandom.swift */; };
		DBF8C6121FEE807700FAADF4 /* GameSettings.swift in Sources */ = {isa = PBXBuildFile; fileRef = DBF8C6111FEE807700FAADF4 /* GameSettings.swift */; };
		DBF8C6341FEE91F100FAADF4 /* HUD.swift in Sources */ = {isa = PBXBuildFile; fileRef = DBF8C6331FEE91F100FAADF4 /* HUD.swift */; };
/* End PBXBuildFile section */

/* Begin PBXFileReference section */
		DB16F22D1D34C291006BA99C /* partI.app */ = {isa = PBXFileReference; explicitFileType = wrapper.application; includeInIndex = 0; path = partI.app; sourceTree = BUILT_PRODUCTS_DIR; };
		DB16F23E1D34C292006BA99C /* Info.plist */ = {isa = PBXFileReference; lastKnownFileType = text.plist.xml; path = Info.plist; sourceTree = "<group>"; };
		DB55EEE91FE38E9900C2E1CC /* partII.app */ = {isa = PBXFileReference; explicitFileType = wrapper.application; includeInIndex = 0; path = partII.app; sourceTree = BUILT_PRODUCTS_DIR; };
		DB55EEF91FE38E9A00C2E1CC /* Info.plist */ = {isa = PBXFileReference; lastKnownFileType = text.plist.xml; path = Info.plist; sourceTree = "<group>"; };
		DB55EF001FE38FA800C2E1CC /* assets.xcassets */ = {isa = PBXFileReference; lastKnownFileType = folder.assetcatalog; path = assets.xcassets; sourceTree = "<group>"; };
		DB55EF011FE38FA900C2E1CC /* art.scnassets */ = {isa = PBXFileReference; lastKnownFileType = wrapper.scnassets; path = art.scnassets; sourceTree = "<group>"; };
		DB55EF051FE38FB200C2E1CC /* README.md */ = {isa = PBXFileReference; fileEncoding = 4; lastKnownFileType = net.daringfireball.markdown; path = README.md; sourceTree = "<group>"; };
		DB55EF0A1FE38FE900C2E1CC /* RBPerlinNoiseGenerator.swift */ = {isa = PBXFileReference; fileEncoding = 4; lastKnownFileType = sourcecode.swift; path = RBPerlinNoiseGenerator.swift; sourceTree = "<group>"; };
		DB55EF0B1FE38FE900C2E1CC /* AppDelegate.swift */ = {isa = PBXFileReference; fileEncoding = 4; lastKnownFileType = sourcecode.swift; path = AppDelegate.swift; sourceTree = "<group>"; };
		DB55EF0C1FE38FE900C2E1CC /* RBTerrain.swift */ = {isa = PBXFileReference; fileEncoding = 4; lastKnownFileType = sourcecode.swift; path = RBTerrain.swift; sourceTree = "<group>"; };
		DB55EF0D1FE38FE900C2E1CC /* RBUtility.swift */ = {isa = PBXFileReference; fileEncoding = 4; lastKnownFileType = sourcecode.swift; path = RBUtility.swift; sourceTree = "<group>"; };
		DB55EF191FE3904D00C2E1CC /* Player.swift */ = {isa = PBXFileReference; fileEncoding = 4; lastKnownFileType = sourcecode.swift; path = Player.swift; sourceTree = "<group>"; };
		DB55EF1A1FE3904D00C2E1CC /* GameLevel.swift */ = {isa = PBXFileReference; fileEncoding = 4; lastKnownFileType = sourcecode.swift; path = GameLevel.swift; sourceTree = "<group>"; };
		DB55EF1D1FE390BF00C2E1CC /* Player.swift */ = {isa = PBXFileReference; fileEncoding = 4; lastKnownFileType = sourcecode.swift; path = Player.swift; sourceTree = "<group>"; };
		DB55EF1E1FE390BF00C2E1CC /* GameLevel.swift */ = {isa = PBXFileReference; fileEncoding = 4; lastKnownFileType = sourcecode.swift; path = GameLevel.swift; sourceTree = "<group>"; };
		DB55EF211FE3914900C2E1CC /* GameViewController.swift */ = {isa = PBXFileReference; fileEncoding = 4; lastKnownFileType = sourcecode.swift; path = GameViewController.swift; sourceTree = "<group>"; };
		DB55EF231FE3923B00C2E1CC /* GameViewController.swift */ = {isa = PBXFileReference; fileEncoding = 4; lastKnownFileType = sourcecode.swift; path = GameViewController.swift; sourceTree = "<group>"; };
		DB55EF451FE3939400C2E1CC /* Base.lproj */ = {isa = PBXFileReference; lastKnownFileType = folder; path = Base.lproj; sourceTree = "<group>"; };
		DBBE57E61FF1FF7A0052F32B /* RB+UIColor.swift */ = {isa = PBXFileReference; fileEncoding = 4; lastKnownFileType = sourcecode.swift; path = "RB+UIColor.swift"; sourceTree = "<group>"; };
		DBCE99611FEFAF1500DEE81F /* partIV.app */ = {isa = PBXFileReference; explicitFileType = wrapper.application; includeInIndex = 0; path = partIV.app; sourceTree = BUILT_PRODUCTS_DIR; };
		DBCE99711FEFAF1500DEE81F /* Info.plist */ = {isa = PBXFileReference; lastKnownFileType = text.plist.xml; path = Info.plist; sourceTree = "<group>"; };
		DBCE997D1FEFAFCA00DEE81F /* GameViewController.swift */ = {isa = PBXFileReference; fileEncoding = 4; lastKnownFileType = sourcecode.swift; path = GameViewController.swift; sourceTree = "<group>"; };
		DBCE997E1FEFAFCB00DEE81F /* Ring.swift */ = {isa = PBXFileReference; fileEncoding = 4; lastKnownFileType = sourcecode.swift; path = Ring.swift; sourceTree = "<group>"; };
		DBCE997F1FEFAFCB00DEE81F /* GameLevel.swift */ = {isa = PBXFileReference; fileEncoding = 4; lastKnownFileType = sourcecode.swift; path = GameLevel.swift; sourceTree = "<group>"; };
		DBCE99801FEFAFCB00DEE81F /* GameSettings.swift */ = {isa = PBXFileReference; fileEncoding = 4; lastKnownFileType = sourcecode.swift; path = GameSettings.swift; sourceTree = "<group>"; };
		DBCE99811FEFAFCB00DEE81F /* Player.swift */ = {isa = PBXFileReference; fileEncoding = 4; lastKnownFileType = sourcecode.swift; path = Player.swift; sourceTree = "<group>"; };
		DBCE99821FEFAFCB00DEE81F /* HUD.swift */ = {isa = PBXFileReference; fileEncoding = 4; lastKnownFileType = sourcecode.swift; path = HUD.swift; sourceTree = "<group>"; };
		DBCE99891FEFB32F00DEE81F /* RB+CGPoint.swift */ = {isa = PBXFileReference; fileEncoding = 4; lastKnownFileType = sourcecode.swift; path = "RB+CGPoint.swift"; sourceTree = "<group>"; };
		DBCE998B1FEFB36F00DEE81F /* RB+SKAction.swift */ = {isa = PBXFileReference; fileEncoding = 4; lastKnownFileType = sourcecode.swift; path = "RB+SKAction.swift"; sourceTree = "<group>"; };
		DBCE998D1FEFB66D00DEE81F /* GameObject.swift */ = {isa = PBXFileReference; lastKnownFileType = sourcecode.swift; path = GameObject.swift; sourceTree = "<group>"; };
		DBCE998F1FEFBA8100DEE81F /* RBLog.swift */ = {isa = PBXFileReference; fileEncoding = 4; lastKnownFileType = sourcecode.swift; path = RBLog.swift; sourceTree = "<group>"; };
		DBCE99911FEFC3A800DEE81F /* Handicap.swift */ = {isa = PBXFileReference; lastKnownFileType = sourcecode.swift; path = Handicap.swift; sourceTree = "<group>"; };
		DBF8C5EC1FEE73D700FAADF4 /* partIII.app */ = {isa = PBXFileReference; explicitFileType = wrapper.application; includeInIndex = 0; path = partIII.app; sourceTree = BUILT_PRODUCTS_DIR; };
		DBF8C5FC1FEE73D800FAADF4 /* Info.plist */ = {isa = PBXFileReference; lastKnownFileType = text.plist.xml; path = Info.plist; sourceTree = "<group>"; };
		DBF8C6061FEE746D00FAADF4 /* Player.swift */ = {isa = PBXFileReference; fileEncoding = 4; lastKnownFileType = sourcecode.swift; path = Player.swift; sourceTree = "<group>"; };
		DBF8C6071FEE746D00FAADF4 /* GameLevel.swift */ = {isa = PBXFileReference; fileEncoding = 4; lastKnownFileType = sourcecode.swift; path = GameLevel.swift; sourceTree = "<group>"; };
		DBF8C6081FEE746D00FAADF4 /* GameViewController.swift */ = {isa = PBXFileReference; fileEncoding = 4; lastKnownFileType = sourcecode.swift; path = GameViewController.swift; sourceTree = "<group>"; };
		DBF8C60C1FEE74FF00FAADF4 /* Ring.swift */ = {isa = PBXFileReference; lastKnownFileType = sourcecode.swift; path = Ring.swift; sourceTree = "<group>"; };
		DBF8C60E1FEE78B400FAADF4 /* RBRandom.swift */ = {isa = PBXFileReference; fileEncoding = 4; lastKnownFileType = sourcecode.swift; path = RBRandom.swift; sourceTree = "<group>"; };
		DBF8C6111FEE807700FAADF4 /* GameSettings.swift */ = {isa = PBXFileReference; lastKnownFileType = sourcecode.swift; path = GameSettings.swift; sourceTree = "<group>"; };
		DBF8C6331FEE91F100FAADF4 /* HUD.swift */ = {isa = PBXFileReference; lastKnownFileType = sourcecode.swift; path = HUD.swift; sourceTree = "<group>"; };
/* End PBXFileReference section */

/* Begin PBXFrameworksBuildPhase section */
		DB16F22A1D34C291006BA99C /* Frameworks */ = {
			isa = PBXFrameworksBuildPhase;
			buildActionMask = 2147483647;
			files = (
			);
			runOnlyForDeploymentPostprocessing = 0;
		};
		DB55EEE61FE38E9900C2E1CC /* Frameworks */ = {
			isa = PBXFrameworksBuildPhase;
			buildActionMask = 2147483647;
			files = (
			);
			runOnlyForDeploymentPostprocessing = 0;
		};
		DBCE995E1FEFAF1500DEE81F /* Frameworks */ = {
			isa = PBXFrameworksBuildPhase;
			buildActionMask = 2147483647;
			files = (
			);
			runOnlyForDeploymentPostprocessing = 0;
		};
		DBF8C5E91FEE73D700FAADF4 /* Frameworks */ = {
			isa = PBXFrameworksBuildPhase;
			buildActionMask = 2147483647;
			files = (
			);
			runOnlyForDeploymentPostprocessing = 0;
		};
/* End PBXFrameworksBuildPhase section */

/* Begin PBXGroup section */
		DB16F2241D34C291006BA99C = {
			isa = PBXGroup;
			children = (
				DB55EF051FE38FB200C2E1CC /* README.md */,
				DB55EEFE1FE38F7000C2E1CC /* assets */,
				DB55EEFD1FE38EAF00C2E1CC /* shared */,
				DB16F22F1D34C291006BA99C /* partI */,
				DB55EEEA1FE38E9A00C2E1CC /* partII */,
				DBF8C5ED1FEE73D800FAADF4 /* partIII */,
				DBCE99621FEFAF1500DEE81F /* partIV */,
				DB16F22E1D34C291006BA99C /* Products */,
			);
			sourceTree = "<group>";
		};
		DB16F22E1D34C291006BA99C /* Products */ = {
			isa = PBXGroup;
			children = (
				DB16F22D1D34C291006BA99C /* partI.app */,
				DB55EEE91FE38E9900C2E1CC /* partII.app */,
				DBF8C5EC1FEE73D700FAADF4 /* partIII.app */,
				DBCE99611FEFAF1500DEE81F /* partIV.app */,
			);
			name = Products;
			sourceTree = "<group>";
		};
		DB16F22F1D34C291006BA99C /* partI */ = {
			isa = PBXGroup;
			children = (
				DB55EF191FE3904D00C2E1CC /* Player.swift */,
				DB55EF1A1FE3904D00C2E1CC /* GameLevel.swift */,
				DB55EF211FE3914900C2E1CC /* GameViewController.swift */,
				DB16F23E1D34C292006BA99C /* Info.plist */,
			);
			path = partI;
			sourceTree = "<group>";
		};
		DB55EEEA1FE38E9A00C2E1CC /* partII */ = {
			isa = PBXGroup;
			children = (
				DB55EF1D1FE390BF00C2E1CC /* Player.swift */,
				DB55EF1E1FE390BF00C2E1CC /* GameLevel.swift */,
				DB55EF231FE3923B00C2E1CC /* GameViewController.swift */,
				DB55EEF91FE38E9A00C2E1CC /* Info.plist */,
			);
			path = partII;
			sourceTree = "<group>";
		};
		DB55EEFD1FE38EAF00C2E1CC /* shared */ = {
			isa = PBXGroup;
			children = (
				DBCE998F1FEFBA8100DEE81F /* RBLog.swift */,
				DB55EF0A1FE38FE900C2E1CC /* RBPerlinNoiseGenerator.swift */,
				DBF8C60E1FEE78B400FAADF4 /* RBRandom.swift */,
				DB55EF0C1FE38FE900C2E1CC /* RBTerrain.swift */,
				DB55EF0D1FE38FE900C2E1CC /* RBUtility.swift */,
				DBCE99891FEFB32F00DEE81F /* RB+CGPoint.swift */,
				DBCE998B1FEFB36F00DEE81F /* RB+SKAction.swift */,
				DBBE57E61FF1FF7A0052F32B /* RB+UIColor.swift */,
				DB55EF0B1FE38FE900C2E1CC /* AppDelegate.swift */,
			);
			path = shared;
			sourceTree = "<group>";
		};
		DB55EEFE1FE38F7000C2E1CC /* assets */ = {
			isa = PBXGroup;
			children = (
				DB55EF451FE3939400C2E1CC /* Base.lproj */,
				DB55EF011FE38FA900C2E1CC /* art.scnassets */,
				DB55EF001FE38FA800C2E1CC /* assets.xcassets */,
			);
			name = assets;
			sourceTree = "<group>";
		};
		DBCE99621FEFAF1500DEE81F /* partIV */ = {
			isa = PBXGroup;
			children = (
				DBCE99821FEFAFCB00DEE81F /* HUD.swift */,
				DBCE998D1FEFB66D00DEE81F /* GameObject.swift */,
				DBCE99911FEFC3A800DEE81F /* Handicap.swift */,
				DBCE997E1FEFAFCB00DEE81F /* Ring.swift */,
				DBCE99811FEFAFCB00DEE81F /* Player.swift */,
				DBCE997F1FEFAFCB00DEE81F /* GameLevel.swift */,
				DBCE997D1FEFAFCA00DEE81F /* GameViewController.swift */,
				DBCE99801FEFAFCB00DEE81F /* GameSettings.swift */,
				DBCE99711FEFAF1500DEE81F /* Info.plist */,
			);
			path = partIV;
			sourceTree = "<group>";
		};
		DBF8C5ED1FEE73D800FAADF4 /* partIII */ = {
			isa = PBXGroup;
			children = (
				DBF8C6331FEE91F100FAADF4 /* HUD.swift */,
				DBF8C60C1FEE74FF00FAADF4 /* Ring.swift */,
				DBF8C6061FEE746D00FAADF4 /* Player.swift */,
				DBF8C6071FEE746D00FAADF4 /* GameLevel.swift */,
				DBF8C6081FEE746D00FAADF4 /* GameViewController.swift */,
				DBF8C6111FEE807700FAADF4 /* GameSettings.swift */,
				DBF8C5FC1FEE73D800FAADF4 /* Info.plist */,
			);
			path = partIII;
			sourceTree = "<group>";
		};
/* End PBXGroup section */

/* Begin PBXNativeTarget section */
		DB16F22C1D34C291006BA99C /* partI */ = {
			isa = PBXNativeTarget;
			buildConfigurationList = DB16F2411D34C292006BA99C /* Build configuration list for PBXNativeTarget "partI" */;
			buildPhases = (
				DB16F2291D34C291006BA99C /* Sources */,
				DB16F22A1D34C291006BA99C /* Frameworks */,
				DB16F22B1D34C291006BA99C /* Resources */,
			);
			buildRules = (
			);
			dependencies = (
			);
			name = partI;
			productName = game;
			productReference = DB16F22D1D34C291006BA99C /* partI.app */;
			productType = "com.apple.product-type.application";
		};
		DB55EEE81FE38E9900C2E1CC /* partII */ = {
			isa = PBXNativeTarget;
			buildConfigurationList = DB55EEFA1FE38E9A00C2E1CC /* Build configuration list for PBXNativeTarget "partII" */;
			buildPhases = (
				DB55EEE51FE38E9900C2E1CC /* Sources */,
				DB55EEE61FE38E9900C2E1CC /* Frameworks */,
				DB55EEE71FE38E9900C2E1CC /* Resources */,
			);
			buildRules = (
			);
			dependencies = (
			);
			name = partII;
			productName = partII;
			productReference = DB55EEE91FE38E9900C2E1CC /* partII.app */;
			productType = "com.apple.product-type.application";
		};
		DBCE99601FEFAF1500DEE81F /* partIV */ = {
			isa = PBXNativeTarget;
			buildConfigurationList = DBCE99721FEFAF1500DEE81F /* Build configuration list for PBXNativeTarget "partIV" */;
			buildPhases = (
				DBCE995D1FEFAF1500DEE81F /* Sources */,
				DBCE995E1FEFAF1500DEE81F /* Frameworks */,
				DBCE995F1FEFAF1500DEE81F /* Resources */,
			);
			buildRules = (
			);
			dependencies = (
			);
			name = partIV;
			productName = partIV;
			productReference = DBCE99611FEFAF1500DEE81F /* partIV.app */;
			productType = "com.apple.product-type.application";
		};
		DBF8C5EB1FEE73D700FAADF4 /* partIII */ = {
			isa = PBXNativeTarget;
			buildConfigurationList = DBF8C5FF1FEE73D800FAADF4 /* Build configuration list for PBXNativeTarget "partIII" */;
			buildPhases = (
				DBF8C5E81FEE73D700FAADF4 /* Sources */,
				DBF8C5E91FEE73D700FAADF4 /* Frameworks */,
				DBF8C5EA1FEE73D700FAADF4 /* Resources */,
			);
			buildRules = (
			);
			dependencies = (
			);
			name = partIII;
			productName = partIII;
			productReference = DBF8C5EC1FEE73D700FAADF4 /* partIII.app */;
			productType = "com.apple.product-type.application";
		};
/* End PBXNativeTarget section */

/* Begin PBXProject section */
		DB16F2251D34C291006BA99C /* Project object */ = {
			isa = PBXProject;
			attributes = {
				LastSwiftUpdateCheck = 0910;
				LastUpgradeCheck = 0900;
				ORGANIZATIONNAME = "Roger Boesch";
				TargetAttributes = {
					DB16F22C1D34C291006BA99C = {
						CreatedOnToolsVersion = 8.0;
						DevelopmentTeam = F46T393V5A;
						DevelopmentTeamName = "Roger Boesch";
						LastSwiftMigration = 0900;
						ProvisioningStyle = Automatic;
					};
					DB55EEE81FE38E9900C2E1CC = {
						CreatedOnToolsVersion = 9.1;
						DevelopmentTeam = F46T393V5A;
						ProvisioningStyle = Automatic;
					};
					DBCE99601FEFAF1500DEE81F = {
						CreatedOnToolsVersion = 9.1;
						DevelopmentTeam = F46T393V5A;
						ProvisioningStyle = Automatic;
					};
					DBF8C5EB1FEE73D700FAADF4 = {
						CreatedOnToolsVersion = 9.1;
						DevelopmentTeam = F46T393V5A;
						ProvisioningStyle = Automatic;
					};
				};
			};
			buildConfigurationList = DB16F2281D34C291006BA99C /* Build configuration list for PBXProject "tutorial" */;
			compatibilityVersion = "Xcode 3.2";
			developmentRegion = English;
			hasScannedForEncodings = 0;
			knownRegions = (
				en,
				Base,
			);
			mainGroup = DB16F2241D34C291006BA99C;
			productRefGroup = DB16F22E1D34C291006BA99C /* Products */;
			projectDirPath = "";
			projectRoot = "";
			targets = (
				DB16F22C1D34C291006BA99C /* partI */,
				DB55EEE81FE38E9900C2E1CC /* partII */,
				DBF8C5EB1FEE73D700FAADF4 /* partIII */,
				DBCE99601FEFAF1500DEE81F /* partIV */,
			);
		};
/* End PBXProject section */

/* Begin PBXResourcesBuildPhase section */
		DB16F22B1D34C291006BA99C /* Resources */ = {
			isa = PBXResourcesBuildPhase;
			buildActionMask = 2147483647;
			files = (
				DB55EF041FE38FA900C2E1CC /* art.scnassets in Resources */,
				DB55EF471FE393B900C2E1CC /* Base.lproj in Resources */,
				DB55EF031FE38FA900C2E1CC /* assets.xcassets in Resources */,
			);
			runOnlyForDeploymentPostprocessing = 0;
		};
		DB55EEE71FE38E9900C2E1CC /* Resources */ = {
			isa = PBXResourcesBuildPhase;
			buildActionMask = 2147483647;
			files = (
				DB55EF081FE38FC200C2E1CC /* assets.xcassets in Resources */,
				DB55EF091FE38FC700C2E1CC /* art.scnassets in Resources */,
				DB55EF461FE3939400C2E1CC /* Base.lproj in Resources */,
			);
			runOnlyForDeploymentPostprocessing = 0;
		};
		DBCE995F1FEFAF1500DEE81F /* Resources */ = {
			isa = PBXResourcesBuildPhase;
			buildActionMask = 2147483647;
			files = (
				DBCE99751FEFAF3B00DEE81F /* Base.lproj in Resources */,
				DBCE99761FEFAF3E00DEE81F /* art.scnassets in Resources */,
				DBCE99771FEFAF4200DEE81F /* assets.xcassets in Resources */,
			);
			runOnlyForDeploymentPostprocessing = 0;
		};
		DBF8C5EA1FEE73D700FAADF4 /* Resources */ = {
			isa = PBXResourcesBuildPhase;
			buildActionMask = 2147483647;
			files = (
				DBF8C6001FEE741C00FAADF4 /* Base.lproj in Resources */,
				DBF8C6011FEE742200FAADF4 /* art.scnassets in Resources */,
				DBCE995C1FEFA13300DEE81F /* assets.xcassets in Resources */,
			);
			runOnlyForDeploymentPostprocessing = 0;
		};
/* End PBXResourcesBuildPhase section */

/* Begin PBXSourcesBuildPhase section */
		DB16F2291D34C291006BA99C /* Sources */ = {
			isa = PBXSourcesBuildPhase;
			buildActionMask = 2147483647;
			files = (
				DB55EF221FE3914900C2E1CC /* GameViewController.swift in Sources */,
				DB55EF101FE38FE900C2E1CC /* AppDelegate.swift in Sources */,
				DB55EF111FE38FE900C2E1CC /* RBTerrain.swift in Sources */,
				DB55EF121FE38FE900C2E1CC /* RBUtility.swift in Sources */,
				DB55EF1B1FE3904D00C2E1CC /* Player.swift in Sources */,
				DB55EF0F1FE38FE900C2E1CC /* RBPerlinNoiseGenerator.swift in Sources */,
				DB55EF1C1FE3904D00C2E1CC /* GameLevel.swift in Sources */,
			);
			runOnlyForDeploymentPostprocessing = 0;
		};
		DB55EEE51FE38E9900C2E1CC /* Sources */ = {
			isa = PBXSourcesBuildPhase;
			buildActionMask = 2147483647;
			files = (
				DB55EF241FE3923B00C2E1CC /* GameViewController.swift in Sources */,
				DB55EF201FE390BF00C2E1CC /* GameLevel.swift in Sources */,
				DB55EF141FE3903300C2E1CC /* RBPerlinNoiseGenerator.swift in Sources */,
				DB55EF161FE3903300C2E1CC /* RBUtility.swift in Sources */,
				DB55EF181FE3903300C2E1CC /* AppDelegate.swift in Sources */,
				DB55EF1F1FE390BF00C2E1CC /* Player.swift in Sources */,
				DB55EF151FE3903300C2E1CC /* RBTerrain.swift in Sources */,
			);
			runOnlyForDeploymentPostprocessing = 0;
		};
		DBCE995D1FEFAF1500DEE81F /* Sources */ = {
			isa = PBXSourcesBuildPhase;
			buildActionMask = 2147483647;
			files = (
				DBCE997A1FEFAF4700DEE81F /* RBTerrain.swift in Sources */,
				DBCE99921FEFC3A800DEE81F /* Handicap.swift in Sources */,
				DBCE99791FEFAF4700DEE81F /* RBRandom.swift in Sources */,
				DBCE998E1FEFB66D00DEE81F /* GameObject.swift in Sources */,
				DBCE998A1FEFB32F00DEE81F /* RB+CGPoint.swift in Sources */,
				DBCE99861FEFAFCB00DEE81F /* GameSettings.swift in Sources */,
				DBCE99841FEFAFCB00DEE81F /* Ring.swift in Sources */,
				DBCE997B1FEFAF4700DEE81F /* RBUtility.swift in Sources */,
				DBCE998C1FEFB36F00DEE81F /* RB+SKAction.swift in Sources */,
				DBBE57E81FF200100052F32B /* RB+UIColor.swift in Sources */,
				DBCE99851FEFAFCB00DEE81F /* GameLevel.swift in Sources */,
				DBCE99881FEFAFCB00DEE81F /* HUD.swift in Sources */,
				DBCE997C1FEFAF4700DEE81F /* AppDelegate.swift in Sources */,
				DBCE99901FEFBA8100DEE81F /* RBLog.swift in Sources */,
				DBCE99831FEFAFCB00DEE81F /* GameViewController.swift in Sources */,
				DBCE99871FEFAFCB00DEE81F /* Player.swift in Sources */,
				DBCE99781FEFAF4700DEE81F /* RBPerlinNoiseGenerator.swift in Sources */,
			);
			runOnlyForDeploymentPostprocessing = 0;
		};
		DBF8C5E81FEE73D700FAADF4 /* Sources */ = {
			isa = PBXSourcesBuildPhase;
			buildActionMask = 2147483647;
			files = (
				DBF8C60B1FEE746D00FAADF4 /* GameViewController.swift in Sources */,
				DBF8C60F1FEE78B400FAADF4 /* RBRandom.swift in Sources */,
				DBF8C6121FEE807700FAADF4 /* GameSettings.swift in Sources */,
				DBF8C6051FEE742900FAADF4 /* AppDelegate.swift in Sources */,
				DBF8C6021FEE742900FAADF4 /* RBPerlinNoiseGenerator.swift in Sources */,
				DBF8C6031FEE742900FAADF4 /* RBTerrain.swift in Sources */,
				DBF8C6341FEE91F100FAADF4 /* HUD.swift in Sources */,
				DBF8C6091FEE746D00FAADF4 /* Player.swift in Sources */,
				DBF8C60D1FEE74FF00FAADF4 /* Ring.swift in Sources */,
				DBF8C60A1FEE746D00FAADF4 /* GameLevel.swift in Sources */,
				DBF8C6041FEE742900FAADF4 /* RBUtility.swift in Sources */,
			);
			runOnlyForDeploymentPostprocessing = 0;
		};
/* End PBXSourcesBuildPhase section */

/* Begin XCBuildConfiguration section */
		DB16F23F1D34C292006BA99C /* Debug */ = {
			isa = XCBuildConfiguration;
			buildSettings = {
				ALWAYS_SEARCH_USER_PATHS = NO;
				CLANG_ANALYZER_NONNULL = YES;
				CLANG_CXX_LANGUAGE_STANDARD = "gnu++0x";
				CLANG_CXX_LIBRARY = "libc++";
				CLANG_ENABLE_MODULES = YES;
				CLANG_ENABLE_OBJC_ARC = YES;
				CLANG_WARN_BLOCK_CAPTURE_AUTORELEASING = YES;
				CLANG_WARN_BOOL_CONVERSION = YES;
				CLANG_WARN_COMMA = YES;
				CLANG_WARN_CONSTANT_CONVERSION = YES;
				CLANG_WARN_DIRECT_OBJC_ISA_USAGE = YES_ERROR;
				CLANG_WARN_DOCUMENTATION_COMMENTS = YES;
				CLANG_WARN_EMPTY_BODY = YES;
				CLANG_WARN_ENUM_CONVERSION = YES;
				CLANG_WARN_INFINITE_RECURSION = YES;
				CLANG_WARN_INT_CONVERSION = YES;
				CLANG_WARN_NON_LITERAL_NULL_CONVERSION = YES;
				CLANG_WARN_OBJC_LITERAL_CONVERSION = YES;
				CLANG_WARN_OBJC_ROOT_CLASS = YES_ERROR;
				CLANG_WARN_RANGE_LOOP_ANALYSIS = YES;
				CLANG_WARN_STRICT_PROTOTYPES = YES;
				CLANG_WARN_SUSPICIOUS_MOVE = YES;
				CLANG_WARN_UNREACHABLE_CODE = YES;
				CLANG_WARN__DUPLICATE_METHOD_MATCH = YES;
				"CODE_SIGN_IDENTITY[sdk=iphoneos*]" = "iPhone Developer";
				COPY_PHASE_STRIP = NO;
				DEBUG_INFORMATION_FORMAT = "dwarf-with-dsym";
				ENABLE_STRICT_OBJC_MSGSEND = YES;
				ENABLE_TESTABILITY = YES;
				GCC_C_LANGUAGE_STANDARD = gnu99;
				GCC_DYNAMIC_NO_PIC = NO;
				GCC_NO_COMMON_BLOCKS = YES;
				GCC_OPTIMIZATION_LEVEL = 0;
				GCC_PREPROCESSOR_DEFINITIONS = (
					"DEBUG=1",
					"$(inherited)",
				);
				GCC_WARN_64_TO_32_BIT_CONVERSION = YES;
				GCC_WARN_ABOUT_RETURN_TYPE = YES_ERROR;
				GCC_WARN_UNDECLARED_SELECTOR = YES;
				GCC_WARN_UNINITIALIZED_AUTOS = YES_AGGRESSIVE;
				GCC_WARN_UNUSED_FUNCTION = YES;
				GCC_WARN_UNUSED_VARIABLE = YES;
				IPHONEOS_DEPLOYMENT_TARGET = 9.3;
				MTL_ENABLE_DEBUG_INFO = YES;
				ONLY_ACTIVE_ARCH = YES;
				SDKROOT = iphoneos;
				SWIFT_ACTIVE_COMPILATION_CONDITIONS = DEBUG;
				SWIFT_OPTIMIZATION_LEVEL = "-Onone";
			};
			name = Debug;
		};
		DB16F2401D34C292006BA99C /* Release */ = {
			isa = XCBuildConfiguration;
			buildSettings = {
				ALWAYS_SEARCH_USER_PATHS = NO;
				CLANG_ANALYZER_NONNULL = YES;
				CLANG_CXX_LANGUAGE_STANDARD = "gnu++0x";
				CLANG_CXX_LIBRARY = "libc++";
				CLANG_ENABLE_MODULES = YES;
				CLANG_ENABLE_OBJC_ARC = YES;
				CLANG_WARN_BLOCK_CAPTURE_AUTORELEASING = YES;
				CLANG_WARN_BOOL_CONVERSION = YES;
				CLANG_WARN_COMMA = YES;
				CLANG_WARN_CONSTANT_CONVERSION = YES;
				CLANG_WARN_DIRECT_OBJC_ISA_USAGE = YES_ERROR;
				CLANG_WARN_DOCUMENTATION_COMMENTS = YES;
				CLANG_WARN_EMPTY_BODY = YES;
				CLANG_WARN_ENUM_CONVERSION = YES;
				CLANG_WARN_INFINITE_RECURSION = YES;
				CLANG_WARN_INT_CONVERSION = YES;
				CLANG_WARN_NON_LITERAL_NULL_CONVERSION = YES;
				CLANG_WARN_OBJC_LITERAL_CONVERSION = YES;
				CLANG_WARN_OBJC_ROOT_CLASS = YES_ERROR;
				CLANG_WARN_RANGE_LOOP_ANALYSIS = YES;
				CLANG_WARN_STRICT_PROTOTYPES = YES;
				CLANG_WARN_SUSPICIOUS_MOVE = YES;
				CLANG_WARN_UNREACHABLE_CODE = YES;
				CLANG_WARN__DUPLICATE_METHOD_MATCH = YES;
				"CODE_SIGN_IDENTITY[sdk=iphoneos*]" = "iPhone Developer";
				COPY_PHASE_STRIP = NO;
				DEBUG_INFORMATION_FORMAT = "dwarf-with-dsym";
				ENABLE_NS_ASSERTIONS = NO;
				ENABLE_STRICT_OBJC_MSGSEND = YES;
				GCC_C_LANGUAGE_STANDARD = gnu99;
				GCC_NO_COMMON_BLOCKS = YES;
				GCC_WARN_64_TO_32_BIT_CONVERSION = YES;
				GCC_WARN_ABOUT_RETURN_TYPE = YES_ERROR;
				GCC_WARN_UNDECLARED_SELECTOR = YES;
				GCC_WARN_UNINITIALIZED_AUTOS = YES_AGGRESSIVE;
				GCC_WARN_UNUSED_FUNCTION = YES;
				GCC_WARN_UNUSED_VARIABLE = YES;
				IPHONEOS_DEPLOYMENT_TARGET = 9.3;
				MTL_ENABLE_DEBUG_INFO = NO;
				SDKROOT = iphoneos;
				SWIFT_OPTIMIZATION_LEVEL = "-Owholemodule";
				VALIDATE_PRODUCT = YES;
			};
			name = Release;
		};
		DB16F2421D34C292006BA99C /* Debug */ = {
			isa = XCBuildConfiguration;
			buildSettings = {
				ASSETCATALOG_COMPILER_APPICON_NAME = AppIcon;
				CLANG_ENABLE_MODULES = YES;
				INFOPLIST_FILE = partI/Info.plist;
				IPHONEOS_DEPLOYMENT_TARGET = 10.0;
				LD_RUNPATH_SEARCH_PATHS = "$(inherited) @executable_path/Frameworks";
				PRODUCT_BUNDLE_IDENTIFIER = "com.rogerboesch.tutorial-partI";
				PRODUCT_NAME = "$(TARGET_NAME)";
				SWIFT_OBJC_BRIDGING_HEADER = "";
				SWIFT_OPTIMIZATION_LEVEL = "-Onone";
				SWIFT_SWIFT3_OBJC_INFERENCE = On;
				SWIFT_VERSION = 4.0;
			};
			name = Debug;
		};
		DB16F2431D34C292006BA99C /* Release */ = {
			isa = XCBuildConfiguration;
			buildSettings = {
				ASSETCATALOG_COMPILER_APPICON_NAME = AppIcon;
				CLANG_ENABLE_MODULES = YES;
				INFOPLIST_FILE = partI/Info.plist;
				IPHONEOS_DEPLOYMENT_TARGET = 10.0;
				LD_RUNPATH_SEARCH_PATHS = "$(inherited) @executable_path/Frameworks";
				PRODUCT_BUNDLE_IDENTIFIER = "com.rogerboesch.tutorial-partI";
				PRODUCT_NAME = "$(TARGET_NAME)";
				SWIFT_OBJC_BRIDGING_HEADER = "";
				SWIFT_SWIFT3_OBJC_INFERENCE = On;
				SWIFT_VERSION = 4.0;
			};
			name = Release;
		};
		DB55EEFB1FE38E9A00C2E1CC /* Debug */ = {
			isa = XCBuildConfiguration;
			buildSettings = {
				ASSETCATALOG_COMPILER_APPICON_NAME = AppIcon;
				CLANG_ANALYZER_NUMBER_OBJECT_CONVERSION = YES_AGGRESSIVE;
				CLANG_CXX_LANGUAGE_STANDARD = "gnu++14";
				CLANG_WARN_UNGUARDED_AVAILABILITY = YES_AGGRESSIVE;
				CODE_SIGN_IDENTITY = "iPhone Developer";
				CODE_SIGN_STYLE = Automatic;
				DEBUG_INFORMATION_FORMAT = dwarf;
				DEVELOPMENT_TEAM = F46T393V5A;
				GCC_C_LANGUAGE_STANDARD = gnu11;
				INFOPLIST_FILE = partII/Info.plist;
				IPHONEOS_DEPLOYMENT_TARGET = 10.0;
				LD_RUNPATH_SEARCH_PATHS = "$(inherited) @executable_path/Frameworks";
				PRODUCT_BUNDLE_IDENTIFIER = com.rogerboesch.tutorial.partII;
				PRODUCT_NAME = "$(TARGET_NAME)";
				SWIFT_VERSION = 4.0;
				TARGETED_DEVICE_FAMILY = 1;
			};
			name = Debug;
		};
		DB55EEFC1FE38E9A00C2E1CC /* Release */ = {
			isa = XCBuildConfiguration;
			buildSettings = {
				ASSETCATALOG_COMPILER_APPICON_NAME = AppIcon;
				CLANG_ANALYZER_NUMBER_OBJECT_CONVERSION = YES_AGGRESSIVE;
				CLANG_CXX_LANGUAGE_STANDARD = "gnu++14";
				CLANG_WARN_UNGUARDED_AVAILABILITY = YES_AGGRESSIVE;
				CODE_SIGN_IDENTITY = "iPhone Developer";
				CODE_SIGN_STYLE = Automatic;
				DEVELOPMENT_TEAM = F46T393V5A;
				GCC_C_LANGUAGE_STANDARD = gnu11;
				INFOPLIST_FILE = partII/Info.plist;
				IPHONEOS_DEPLOYMENT_TARGET = 10.0;
				LD_RUNPATH_SEARCH_PATHS = "$(inherited) @executable_path/Frameworks";
				PRODUCT_BUNDLE_IDENTIFIER = com.rogerboesch.tutorial.partII;
				PRODUCT_NAME = "$(TARGET_NAME)";
				SWIFT_VERSION = 4.0;
				TARGETED_DEVICE_FAMILY = 1;
			};
			name = Release;
		};
		DBCE99731FEFAF1500DEE81F /* Debug */ = {
			isa = XCBuildConfiguration;
			buildSettings = {
				ASSETCATALOG_COMPILER_APPICON_NAME = AppIcon;
				CLANG_ANALYZER_NUMBER_OBJECT_CONVERSION = YES_AGGRESSIVE;
				CLANG_CXX_LANGUAGE_STANDARD = "gnu++14";
				CLANG_WARN_UNGUARDED_AVAILABILITY = YES_AGGRESSIVE;
				CODE_SIGN_IDENTITY = "iPhone Developer";
				CODE_SIGN_STYLE = Automatic;
				DEBUG_INFORMATION_FORMAT = dwarf;
				DEVELOPMENT_TEAM = F46T393V5A;
				GCC_C_LANGUAGE_STANDARD = gnu11;
				INFOPLIST_FILE = partIV/Info.plist;
				IPHONEOS_DEPLOYMENT_TARGET = 11.0;
				LD_RUNPATH_SEARCH_PATHS = "$(inherited) @executable_path/Frameworks";
				PRODUCT_BUNDLE_IDENTIFIER = com.rogerboesch.tutorial.partIV;
				PRODUCT_NAME = "$(TARGET_NAME)";
				SWIFT_VERSION = 4.0;
				TARGETED_DEVICE_FAMILY = 1;
			};
			name = Debug;
		};
		DBCE99741FEFAF1500DEE81F /* Release */ = {
			isa = XCBuildConfiguration;
			buildSettings = {
				ASSETCATALOG_COMPILER_APPICON_NAME = AppIcon;
				CLANG_ANALYZER_NUMBER_OBJECT_CONVERSION = YES_AGGRESSIVE;
				CLANG_CXX_LANGUAGE_STANDARD = "gnu++14";
				CLANG_WARN_UNGUARDED_AVAILABILITY = YES_AGGRESSIVE;
				CODE_SIGN_IDENTITY = "iPhone Developer";
				CODE_SIGN_STYLE = Automatic;
				DEVELOPMENT_TEAM = F46T393V5A;
				GCC_C_LANGUAGE_STANDARD = gnu11;
				INFOPLIST_FILE = partIV/Info.plist;
				IPHONEOS_DEPLOYMENT_TARGET = 11.0;
				LD_RUNPATH_SEARCH_PATHS = "$(inherited) @executable_path/Frameworks";
				PRODUCT_BUNDLE_IDENTIFIER = com.rogerboesch.tutorial.partIV;
				PRODUCT_NAME = "$(TARGET_NAME)";
				SWIFT_VERSION = 4.0;
				TARGETED_DEVICE_FAMILY = 1;
			};
			name = Release;
		};
		DBF8C5FD1FEE73D800FAADF4 /* Debug */ = {
			isa = XCBuildConfiguration;
			buildSettings = {
				ASSETCATALOG_COMPILER_APPICON_NAME = AppIcon;
				CLANG_ANALYZER_NUMBER_OBJECT_CONVERSION = YES_AGGRESSIVE;
				CLANG_CXX_LANGUAGE_STANDARD = "gnu++14";
				CLANG_WARN_UNGUARDED_AVAILABILITY = YES_AGGRESSIVE;
				CODE_SIGN_IDENTITY = "iPhone Developer";
				CODE_SIGN_STYLE = Automatic;
				DEBUG_INFORMATION_FORMAT = dwarf;
				DEVELOPMENT_TEAM = F46T393V5A;
				GCC_C_LANGUAGE_STANDARD = gnu11;
				INFOPLIST_FILE = partIII/Info.plist;
				IPHONEOS_DEPLOYMENT_TARGET = 11.0;
				LD_RUNPATH_SEARCH_PATHS = "$(inherited) @executable_path/Frameworks";
				PRODUCT_BUNDLE_IDENTIFIER = com.rogerboesch.tutorial.partIII;
				PRODUCT_NAME = "$(TARGET_NAME)";
				SWIFT_VERSION = 4.0;
				TARGETED_DEVICE_FAMILY = 1;
			};
			name = Debug;
		};
		DBF8C5FE1FEE73D800FAADF4 /* Release */ = {
			isa = XCBuildConfiguration;
			buildSettings = {
				ASSETCATALOG_COMPILER_APPICON_NAME = AppIcon;
				CLANG_ANALYZER_NUMBER_OBJECT_CONVERSION = YES_AGGRESSIVE;
				CLANG_CXX_LANGUAGE_STANDARD = "gnu++14";
				CLANG_WARN_UNGUARDED_AVAILABILITY = YES_AGGRESSIVE;
				CODE_SIGN_IDENTITY = "iPhone Developer";
				CODE_SIGN_STYLE = Automatic;
				DEVELOPMENT_TEAM = F46T393V5A;
				GCC_C_LANGUAGE_STANDARD = gnu11;
				INFOPLIST_FILE = partIII/Info.plist;
				IPHONEOS_DEPLOYMENT_TARGET = 11.0;
				LD_RUNPATH_SEARCH_PATHS = "$(inherited) @executable_path/Frameworks";
				PRODUCT_BUNDLE_IDENTIFIER = com.rogerboesch.tutorial.partIII;
				PRODUCT_NAME = "$(TARGET_NAME)";
				SWIFT_VERSION = 4.0;
				TARGETED_DEVICE_FAMILY = 1;
			};
			name = Release;
		};
/* End XCBuildConfiguration section */

/* Begin XCConfigurationList section */
		DB16F2281D34C291006BA99C /* Build configuration list for PBXProject "tutorial" */ = {
			isa = XCConfigurationList;
			buildConfigurations = (
				DB16F23F1D34C292006BA99C /* Debug */,
				DB16F2401D34C292006BA99C /* Release */,
			);
			defaultConfigurationIsVisible = 0;
			defaultConfigurationName = Release;
		};
		DB16F2411D34C292006BA99C /* Build configuration list for PBXNativeTarget "partI" */ = {
			isa = XCConfigurationList;
			buildConfigurations = (
				DB16F2421D34C292006BA99C /* Debug */,
				DB16F2431D34C292006BA99C /* Release */,
			);
			defaultConfigurationIsVisible = 0;
			defaultConfigurationName = Release;
		};
		DB55EEFA1FE38E9A00C2E1CC /* Build configuration list for PBXNativeTarget "partII" */ = {
			isa = XCConfigurationList;
			buildConfigurations = (
				DB55EEFB1FE38E9A00C2E1CC /* Debug */,
				DB55EEFC1FE38E9A00C2E1CC /* Release */,
			);
			defaultConfigurationIsVisible = 0;
			defaultConfigurationName = Release;
		};
		DBCE99721FEFAF1500DEE81F /* Build configuration list for PBXNativeTarget "partIV" */ = {
			isa = XCConfigurationList;
			buildConfigurations = (
				DBCE99731FEFAF1500DEE81F /* Debug */,
				DBCE99741FEFAF1500DEE81F /* Release */,
			);
			defaultConfigurationIsVisible = 0;
			defaultConfigurationName = Release;
		};
		DBF8C5FF1FEE73D800FAADF4 /* Build configuration list for PBXNativeTarget "partIII" */ = {
			isa = XCConfigurationList;
			buildConfigurations = (
				DBF8C5FD1FEE73D800FAADF4 /* Debug */,
				DBF8C5FE1FEE73D800FAADF4 /* Release */,
			);
			defaultConfigurationIsVisible = 0;
			defaultConfigurationName = Release;
		};
/* End XCConfigurationList section */
	};
	rootObject = DB16F2251D34C291006BA99C /* Project object */;
}
